
Microsoft Visual Studio Solution File, Format Version 12.00
# Visual Studio 15
VisualStudioVersion = 15.0.27703.2035
MinimumVisualStudioVersion = 10.0.40219.1
Project("{FAE04EC0-301F-11D3-BF4B-00C04F79EFBC}") = "DemoApp.Android", "DemoApp\DemoApp.Android\DemoApp.Android.csproj", "{14F66747-B981-4D18-A2E7-6B4E47297DF3}"
EndProject
Project("{FAE04EC0-301F-11D3-BF4B-00C04F79EFBC}") = "DemoApp.iOS", "DemoApp\DemoApp.iOS\DemoApp.iOS.csproj", "{BE116F38-6544-444B-9889-854B63EE89F2}"
EndProject
Project("{FAE04EC0-301F-11D3-BF4B-00C04F79EFBC}") = "DemoApp", "DemoApp\DemoApp\DemoApp.csproj", "{C9B3252A-EADF-4895-84AD-537743632D2D}"
EndProject
Global
	GlobalSection(SolutionConfigurationPlatforms) = preSolution
		Ad-Hoc|Any CPU = Ad-Hoc|Any CPU
		Ad-Hoc|iPhone = Ad-Hoc|iPhone
		Ad-Hoc|iPhoneSimulator = Ad-Hoc|iPhoneSimulator
		AppStore|Any CPU = AppStore|Any CPU
		AppStore|iPhone = AppStore|iPhone
		AppStore|iPhoneSimulator = AppStore|iPhoneSimulator
		Debug|Any CPU = Debug|Any CPU
		Debug|iPhone = Debug|iPhone
		Debug|iPhoneSimulator = Debug|iPhoneSimulator
		Release|Any CPU = Release|Any CPU
		Release|iPhone = Release|iPhone
		Release|iPhoneSimulator = Release|iPhoneSimulator
	EndGlobalSection
	GlobalSection(ProjectConfigurationPlatforms) = postSolution
		{14F66747-B981-4D18-A2E7-6B4E47297DF3}.Ad-Hoc|Any CPU.ActiveCfg = Release|Any CPU
		{14F66747-B981-4D18-A2E7-6B4E47297DF3}.Ad-Hoc|Any CPU.Build.0 = Release|Any CPU
		{14F66747-B981-4D18-A2E7-6B4E47297DF3}.Ad-Hoc|Any CPU.Deploy.0 = Release|Any CPU
		{14F66747-B981-4D18-A2E7-6B4E47297DF3}.Ad-Hoc|iPhone.ActiveCfg = Release|Any CPU
		{14F66747-B981-4D18-A2E7-6B4E47297DF3}.Ad-Hoc|iPhone.Build.0 = Release|Any CPU
		{14F66747-B981-4D18-A2E7-6B4E47297DF3}.Ad-Hoc|iPhone.Deploy.0 = Release|Any CPU
		{14F66747-B981-4D18-A2E7-6B4E47297DF3}.Ad-Hoc|iPhoneSimulator.ActiveCfg = Release|Any CPU
		{14F66747-B981-4D18-A2E7-6B4E47297DF3}.Ad-Hoc|iPhoneSimulator.Build.0 = Release|Any CPU
		{14F66747-B981-4D18-A2E7-6B4E47297DF3}.Ad-Hoc|iPhoneSimulator.Deploy.0 = Release|Any CPU
		{14F66747-B981-4D18-A2E7-6B4E47297DF3}.AppStore|Any CPU.ActiveCfg = Release|Any CPU
		{14F66747-B981-4D18-A2E7-6B4E47297DF3}.AppStore|Any CPU.Build.0 = Release|Any CPU
		{14F66747-B981-4D18-A2E7-6B4E47297DF3}.AppStore|Any CPU.Deploy.0 = Release|Any CPU
		{14F66747-B981-4D18-A2E7-6B4E47297DF3}.AppStore|iPhone.ActiveCfg = Release|Any CPU
		{14F66747-B981-4D18-A2E7-6B4E47297DF3}.AppStore|iPhone.Build.0 = Release|Any CPU
		{14F66747-B981-4D18-A2E7-6B4E47297DF3}.AppStore|iPhone.Deploy.0 = Release|Any CPU
		{14F66747-B981-4D18-A2E7-6B4E47297DF3}.AppStore|iPhoneSimulator.ActiveCfg = Release|Any CPU
		{14F66747-B981-4D18-A2E7-6B4E47297DF3}.AppStore|iPhoneSimulator.Build.0 = Release|Any CPU
		{14F66747-B981-4D18-A2E7-6B4E47297DF3}.AppStore|iPhoneSimulator.Deploy.0 = Release|Any CPU
		{14F66747-B981-4D18-A2E7-6B4E47297DF3}.Debug|Any CPU.ActiveCfg = Debug|Any CPU
		{14F66747-B981-4D18-A2E7-6B4E47297DF3}.Debug|Any CPU.Build.0 = Debug|Any CPU
		{14F66747-B981-4D18-A2E7-6B4E47297DF3}.Debug|Any CPU.Deploy.0 = Debug|Any CPU
		{14F66747-B981-4D18-A2E7-6B4E47297DF3}.Debug|iPhone.ActiveCfg = Debug|Any CPU
		{14F66747-B981-4D18-A2E7-6B4E47297DF3}.Debug|iPhone.Build.0 = Debug|Any CPU
		{14F66747-B981-4D18-A2E7-6B4E47297DF3}.Debug|iPhone.Deploy.0 = Debug|Any CPU
		{14F66747-B981-4D18-A2E7-6B4E47297DF3}.Debug|iPhoneSimulator.ActiveCfg = Debug|Any CPU
		{14F66747-B981-4D18-A2E7-6B4E47297DF3}.Debug|iPhoneSimulator.Build.0 = Debug|Any CPU
		{14F66747-B981-4D18-A2E7-6B4E47297DF3}.Debug|iPhoneSimulator.Deploy.0 = Debug|Any CPU
		{14F66747-B981-4D18-A2E7-6B4E47297DF3}.Release|Any CPU.ActiveCfg = Release|Any CPU
		{14F66747-B981-4D18-A2E7-6B4E47297DF3}.Release|Any CPU.Build.0 = Release|Any CPU
		{14F66747-B981-4D18-A2E7-6B4E47297DF3}.Release|Any CPU.Deploy.0 = Release|Any CPU
		{14F66747-B981-4D18-A2E7-6B4E47297DF3}.Release|iPhone.ActiveCfg = Release|Any CPU
		{14F66747-B981-4D18-A2E7-6B4E47297DF3}.Release|iPhone.Build.0 = Release|Any CPU
		{14F66747-B981-4D18-A2E7-6B4E47297DF3}.Release|iPhone.Deploy.0 = Release|Any CPU
		{14F66747-B981-4D18-A2E7-6B4E47297DF3}.Release|iPhoneSimulator.ActiveCfg = Release|Any CPU
		{14F66747-B981-4D18-A2E7-6B4E47297DF3}.Release|iPhoneSimulator.Build.0 = Release|Any CPU
		{14F66747-B981-4D18-A2E7-6B4E47297DF3}.Release|iPhoneSimulator.Deploy.0 = Release|Any CPU
		{BE116F38-6544-444B-9889-854B63EE89F2}.Ad-Hoc|Any CPU.ActiveCfg = Ad-Hoc|iPhone
		{BE116F38-6544-444B-9889-854B63EE89F2}.Ad-Hoc|Any CPU.Build.0 = Ad-Hoc|iPhone
		{BE116F38-6544-444B-9889-854B63EE89F2}.Ad-Hoc|Any CPU.Deploy.0 = Ad-Hoc|iPhone
		{BE116F38-6544-444B-9889-854B63EE89F2}.Ad-Hoc|iPhone.ActiveCfg = Ad-Hoc|iPhone
		{BE116F38-6544-444B-9889-854B63EE89F2}.Ad-Hoc|iPhone.Build.0 = Ad-Hoc|iPhone
		{BE116F38-6544-444B-9889-854B63EE89F2}.Ad-Hoc|iPhone.Deploy.0 = Ad-Hoc|iPhone
		{BE116F38-6544-444B-9889-854B63EE89F2}.Ad-Hoc|iPhoneSimulator.ActiveCfg = Ad-Hoc|iPhoneSimulator
		{BE116F38-6544-444B-9889-854B63EE89F2}.Ad-Hoc|iPhoneSimulator.Build.0 = Ad-Hoc|iPhoneSimulator
		{BE116F38-6544-444B-9889-854B63EE89F2}.Ad-Hoc|iPhoneSimulator.Deploy.0 = Ad-Hoc|iPhoneSimulator
		{BE116F38-6544-444B-9889-854B63EE89F2}.AppStore|Any CPU.ActiveCfg = AppStore|iPhone
		{BE116F38-6544-444B-9889-854B63EE89F2}.AppStore|Any CPU.Build.0 = AppStore|iPhone
		{BE116F38-6544-444B-9889-854B63EE89F2}.AppStore|Any CPU.Deploy.0 = AppStore|iPhone
		{BE116F38-6544-444B-9889-854B63EE89F2}.AppStore|iPhone.ActiveCfg = AppStore|iPhone
		{BE116F38-6544-444B-9889-854B63EE89F2}.AppStore|iPhone.Build.0 = AppStore|iPhone
		{BE116F38-6544-444B-9889-854B63EE89F2}.AppStore|iPhone.Deploy.0 = AppStore|iPhone
		{BE116F38-6544-444B-9889-854B63EE89F2}.AppStore|iPhoneSimulator.ActiveCfg = AppStore|iPhoneSimulator
		{BE116F38-6544-444B-9889-854B63EE89F2}.AppStore|iPhoneSimulator.Build.0 = AppStore|iPhoneSimulator
		{BE116F38-6544-444B-9889-854B63EE89F2}.AppStore|iPhoneSimulator.Deploy.0 = AppStore|iPhoneSimulator
		{BE116F38-6544-444B-9889-854B63EE89F2}.Debug|Any CPU.ActiveCfg = Debug|iPhoneSimulator
		{BE116F38-6544-444B-9889-854B63EE89F2}.Debug|Any CPU.Build.0 = Debug|iPhoneSimulator
		{BE116F38-6544-444B-9889-854B63EE89F2}.Debug|Any CPU.Deploy.0 = Debug|iPhoneSimulator
		{BE116F38-6544-444B-9889-854B63EE89F2}.Debug|iPhone.ActiveCfg = Debug|iPhone
		{BE116F38-6544-444B-9889-854B63EE89F2}.Debug|iPhone.Build.0 = Debug|iPhone
		{BE116F38-6544-444B-9889-854B63EE89F2}.Debug|iPhone.Deploy.0 = Debug|iPhone
		{BE116F38-6544-444B-9889-854B63EE89F2}.Debug|iPhoneSimulator.ActiveCfg = Debug|iPhoneSimulator
		{BE116F38-6544-444B-9889-854B63EE89F2}.Debug|iPhoneSimulator.Build.0 = Debug|iPhoneSimulator
		{BE116F38-6544-444B-9889-854B63EE89F2}.Debug|iPhoneSimulator.Deploy.0 = Debug|iPhoneSimulator
		{BE116F38-6544-444B-9889-854B63EE89F2}.Release|Any CPU.ActiveCfg = Release|iPhone
		{BE116F38-6544-444B-9889-854B63EE89F2}.Release|Any CPU.Build.0 = Release|iPhone
		{BE116F38-6544-444B-9889-854B63EE89F2}.Release|Any CPU.Deploy.0 = Release|iPhone
		{BE116F38-6544-444B-9889-854B63EE89F2}.Release|iPhone.ActiveCfg = Release|iPhone
		{BE116F38-6544-444B-9889-854B63EE89F2}.Release|iPhone.Build.0 = Release|iPhone
		{BE116F38-6544-444B-9889-854B63EE89F2}.Release|iPhone.Deploy.0 = Release|iPhone
		{BE116F38-6544-444B-9889-854B63EE89F2}.Release|iPhoneSimulator.ActiveCfg = Release|iPhoneSimulator
		{BE116F38-6544-444B-9889-854B63EE89F2}.Release|iPhoneSimulator.Build.0 = Release|iPhoneSimulator
		{BE116F38-6544-444B-9889-854B63EE89F2}.Release|iPhoneSimulator.Deploy.0 = Release|iPhoneSimulator
		{C9B3252A-EADF-4895-84AD-537743632D2D}.Ad-Hoc|Any CPU.ActiveCfg = Debug|Any CPU
		{C9B3252A-EADF-4895-84AD-537743632D2D}.Ad-Hoc|Any CPU.Build.0 = Debug|Any CPU
		{C9B3252A-EADF-4895-84AD-537743632D2D}.Ad-Hoc|Any CPU.Deploy.0 = Debug|Any CPU
		{C9B3252A-EADF-4895-84AD-537743632D2D}.Ad-Hoc|iPhone.ActiveCfg = Debug|Any CPU
		{C9B3252A-EADF-4895-84AD-537743632D2D}.Ad-Hoc|iPhone.Build.0 = Debug|Any CPU
		{C9B3252A-EADF-4895-84AD-537743632D2D}.Ad-Hoc|iPhone.Deploy.0 = Debug|Any CPU
		{C9B3252A-EADF-4895-84AD-537743632D2D}.Ad-Hoc|iPhoneSimulator.ActiveCfg = Debug|Any CPU
		{C9B3252A-EADF-4895-84AD-537743632D2D}.Ad-Hoc|iPhoneSimulator.Build.0 = Debug|Any CPU
		{C9B3252A-EADF-4895-84AD-537743632D2D}.Ad-Hoc|iPhoneSimulator.Deploy.0 = Debug|Any CPU
		{C9B3252A-EADF-4895-84AD-537743632D2D}.AppStore|Any CPU.ActiveCfg = Debug|Any CPU
		{C9B3252A-EADF-4895-84AD-537743632D2D}.AppStore|Any CPU.Build.0 = Debug|Any CPU
		{C9B3252A-EADF-4895-84AD-537743632D2D}.AppStore|Any CPU.Deploy.0 = Debug|Any CPU
		{C9B3252A-EADF-4895-84AD-537743632D2D}.AppStore|iPhone.ActiveCfg = Debug|Any CPU
		{C9B3252A-EADF-4895-84AD-537743632D2D}.AppStore|iPhone.Build.0 = Debug|Any CPU
		{C9B3252A-EADF-4895-84AD-537743632D2D}.AppStore|iPhone.Deploy.0 = Debug|Any CPU
		{C9B3252A-EADF-4895-84AD-537743632D2D}.AppStore|iPhoneSimulator.ActiveCfg = Debug|Any CPU
		{C9B3252A-EADF-4895-84AD-537743632D2D}.AppStore|iPhoneSimulator.Build.0 = Debug|Any CPU
		{C9B3252A-EADF-4895-84AD-537743632D2D}.AppStore|iPhoneSimulator.Deploy.0 = Debug|Any CPU
		{C9B3252A-EADF-4895-84AD-537743632D2D}.Debug|Any CPU.ActiveCfg = Debug|Any CPU
		{C9B3252A-EADF-4895-84AD-537743632D2D}.Debug|Any CPU.Build.0 = Debug|Any CPU
		{C9B3252A-EADF-4895-84AD-537743632D2D}.Debug|Any CPU.Deploy.0 = Debug|Any CPU
		{C9B3252A-EADF-4895-84AD-537743632D2D}.Debug|iPhone.ActiveCfg = Debug|Any CPU
		{C9B3252A-EADF-4895-84AD-537743632D2D}.Debug|iPhone.Build.0 = Debug|Any CPU
		{C9B3252A-EADF-4895-84AD-537743632D2D}.Debug|iPhone.Deploy.0 = Debug|Any CPU
		{C9B3252A-EADF-4895-84AD-537743632D2D}.Debug|iPhoneSimulator.ActiveCfg = Debug|Any CPU
		{C9B3252A-EADF-4895-84AD-537743632D2D}.Debug|iPhoneSimulator.Build.0 = Debug|Any CPU
		{C9B3252A-EADF-4895-84AD-537743632D2D}.Debug|iPhoneSimulator.Deploy.0 = Debug|Any CPU
		{C9B3252A-EADF-4895-84AD-537743632D2D}.Release|Any CPU.ActiveCfg = Release|Any CPU
		{C9B3252A-EADF-4895-84AD-537743632D2D}.Release|Any CPU.Build.0 = Release|Any CPU
		{C9B3252A-EADF-4895-84AD-537743632D2D}.Release|Any CPU.Deploy.0 = Release|Any CPU
		{C9B3252A-EADF-4895-84AD-537743632D2D}.Release|iPhone.ActiveCfg = Release|Any CPU
		{C9B3252A-EADF-4895-84AD-537743632D2D}.Release|iPhone.Build.0 = Release|Any CPU
		{C9B3252A-EADF-4895-84AD-537743632D2D}.Release|iPhone.Deploy.0 = Release|Any CPU
		{C9B3252A-EADF-4895-84AD-537743632D2D}.Release|iPhoneSimulator.ActiveCfg = Release|Any CPU
		{C9B3252A-EADF-4895-84AD-537743632D2D}.Release|iPhoneSimulator.Build.0 = Release|Any CPU
		{C9B3252A-EADF-4895-84AD-537743632D2D}.Release|iPhoneSimulator.Deploy.0 = Release|Any CPU
	EndGlobalSection
	GlobalSection(SolutionProperties) = preSolution
		HideSolutionNode = FALSE
	EndGlobalSection
	GlobalSection(ExtensibilityGlobals) = postSolution
		SolutionGuid = {3352F9E9-A287-456C-B16F-6209CB482899}
	EndGlobalSection
EndGlobal
